
Microsoft Visual Studio Solution File, Format Version 12.00
# Visual Studio Version 17
VisualStudioVersion = 17.0.31903.59
MinimumVisualStudioVersion = 10.0.40219.1
Project("{2150E333-8FDC-42A3-9474-1A3956D46DE8}") = "src", "src", "{525A8442-CE08-4EFD-8EDA-999A2AB57755}"
EndProject
Project("{2150E333-8FDC-42A3-9474-1A3956D46DE8}") = "tests", "tests", "{6C7A7C2B-6D42-4CA2-9C9A-C54BD7E4815A}"
EndProject
Project("{2150E333-8FDC-42A3-9474-1A3956D46DE8}") = "Bootstrapper", "Bootstrapper", "{DC51AE1B-BC98-41FE-A4D2-D8BC0CB0A209}"
EndProject
Project("{2150E333-8FDC-42A3-9474-1A3956D46DE8}") = "Modules", "Modules", "{8A23895A-4906-4B88-B627-6875875D95A0}"
EndProject
Project("{2150E333-8FDC-42A3-9474-1A3956D46DE8}") = "Shared", "Shared", "{181BCC40-47DC-4C04-8487-AA1C5362CE37}"
EndProject
Project("{FAE04EC0-301F-11D3-BF4B-00C04F79EFBC}") = "EduSchedu.Shared.Abstractions", "src\Shared\EduSchedu.Shared.Abstractions\EduSchedu.Shared.Abstractions.csproj", "{ED2D6DF2-10EA-492D-89F1-9673B3C0CCCD}"
EndProject
Project("{FAE04EC0-301F-11D3-BF4B-00C04F79EFBC}") = "EduSchedu.Shared.Infrastructure", "src\Shared\EduSchedu.Shared.Infrastructure\EduSchedu.Shared.Infrastructure.csproj", "{83D29CAF-5661-4586-8286-DD78D6005A0F}"
EndProject
Project("{FAE04EC0-301F-11D3-BF4B-00C04F79EFBC}") = "EduSchedu.Bootstrapper", "src\Bootstrapper\EduSchedu.Bootstrapper\EduSchedu.Bootstrapper.csproj", "{A03CE8E6-DD2F-453A-A047-E6082F47FB6F}"
EndProject
Project("{2150E333-8FDC-42A3-9474-1A3956D46DE8}") = "Users", "Users", "{3A269146-C729-4CB4-93B6-527C55424F51}"
EndProject
Project("{FAE04EC0-301F-11D3-BF4B-00C04F79EFBC}") = "EduSchedu.Modules.Users.Api", "src\Modules\Users\EduSchedu.Modules.Users.Api\EduSchedu.Modules.Users.Api.csproj", "{69237B52-2F07-4431-BB95-8D765000153B}"
EndProject
Project("{FAE04EC0-301F-11D3-BF4B-00C04F79EFBC}") = "EduSchedu.Modules.Users.Application", "src\Modules\Users\EduSchedu.Modules.Users.Application\EduSchedu.Modules.Users.Application.csproj", "{DC07BDCB-693A-4488-A970-B7249853E375}"
EndProject
Project("{FAE04EC0-301F-11D3-BF4B-00C04F79EFBC}") = "EduSchedu.Modules.Users.Domain", "src\Modules\Users\EduSchedu.Modules.Users.Domain\EduSchedu.Modules.Users.Domain.csproj", "{1279F0D8-726C-4853-B869-3051EBBA8C2F}"
EndProject
Project("{FAE04EC0-301F-11D3-BF4B-00C04F79EFBC}") = "EduSchedu.Modules.Users.Infrastructure", "src\Modules\Users\EduSchedu.Modules.Users.Infrastructure\EduSchedu.Modules.Users.Infrastructure.csproj", "{BE89DCF7-787C-498C-AF13-491EADF5D86F}"
EndProject
Project("{2150E333-8FDC-42A3-9474-1A3956D46DE8}") = "Schools", "Schools", "{4C95FCBF-E9EF-4D75-A3E7-84B89FBAC506}"
EndProject
Project("{FAE04EC0-301F-11D3-BF4B-00C04F79EFBC}") = "EduSchedu.Modules.Schools.Api", "src\Modules\Schools\EduSchedu.Modules.Schools.Api\EduSchedu.Modules.Schools.Api.csproj", "{F72D282D-DA9C-4993-AF97-FCFE80A32DBF}"
EndProject
Project("{FAE04EC0-301F-11D3-BF4B-00C04F79EFBC}") = "EduSchedu.Modules.Schools.Application", "src\Modules\Schools\EduSchedu.Modules.Schools.Application\EduSchedu.Modules.Schools.Application.csproj", "{6534B648-2E51-447D-AD1E-5E5CF3B37EC2}"
EndProject
Project("{FAE04EC0-301F-11D3-BF4B-00C04F79EFBC}") = "EduSchedu.Modules.Schools.Domain", "src\Modules\Schools\EduSchedu.Modules.Schools.Domain\EduSchedu.Modules.Schools.Domain.csproj", "{76795CAD-EB6D-4C99-9E86-87D5CF871D94}"
EndProject
Project("{FAE04EC0-301F-11D3-BF4B-00C04F79EFBC}") = "EduSchedu.Modules.Schools.Infrastructure", "src\Modules\Schools\EduSchedu.Modules.Schools.Infrastructure\EduSchedu.Modules.Schools.Infrastructure.csproj", "{B6758E80-7569-4824-A1BF-8B143F161F5E}"
EndProject
Project("{FAE04EC0-301F-11D3-BF4B-00C04F79EFBC}") = "EduSchedu.Tests.Unit", "tests\EduSchedu.Tests.Unit\EduSchedu.Tests.Unit.csproj", "{06400BE8-1D20-46AB-895C-9E8B893CDAA8}"
EndProject
Global
	GlobalSection(SolutionConfigurationPlatforms) = preSolution
		Debug|Any CPU = Debug|Any CPU
		Release|Any CPU = Release|Any CPU
	EndGlobalSection
	GlobalSection(SolutionProperties) = preSolution
		HideSolutionNode = FALSE
	EndGlobalSection
	GlobalSection(ProjectConfigurationPlatforms) = postSolution
		{ED2D6DF2-10EA-492D-89F1-9673B3C0CCCD}.Debug|Any CPU.ActiveCfg = Debug|Any CPU
		{ED2D6DF2-10EA-492D-89F1-9673B3C0CCCD}.Debug|Any CPU.Build.0 = Debug|Any CPU
		{ED2D6DF2-10EA-492D-89F1-9673B3C0CCCD}.Release|Any CPU.ActiveCfg = Release|Any CPU
		{ED2D6DF2-10EA-492D-89F1-9673B3C0CCCD}.Release|Any CPU.Build.0 = Release|Any CPU
		{83D29CAF-5661-4586-8286-DD78D6005A0F}.Debug|Any CPU.ActiveCfg = Debug|Any CPU
		{83D29CAF-5661-4586-8286-DD78D6005A0F}.Debug|Any CPU.Build.0 = Debug|Any CPU
		{83D29CAF-5661-4586-8286-DD78D6005A0F}.Release|Any CPU.ActiveCfg = Release|Any CPU
		{83D29CAF-5661-4586-8286-DD78D6005A0F}.Release|Any CPU.Build.0 = Release|Any CPU
		{A03CE8E6-DD2F-453A-A047-E6082F47FB6F}.Debug|Any CPU.ActiveCfg = Debug|Any CPU
		{A03CE8E6-DD2F-453A-A047-E6082F47FB6F}.Debug|Any CPU.Build.0 = Debug|Any CPU
		{A03CE8E6-DD2F-453A-A047-E6082F47FB6F}.Release|Any CPU.ActiveCfg = Release|Any CPU
		{A03CE8E6-DD2F-453A-A047-E6082F47FB6F}.Release|Any CPU.Build.0 = Release|Any CPU
		{69237B52-2F07-4431-BB95-8D765000153B}.Debug|Any CPU.ActiveCfg = Debug|Any CPU
		{69237B52-2F07-4431-BB95-8D765000153B}.Debug|Any CPU.Build.0 = Debug|Any CPU
		{69237B52-2F07-4431-BB95-8D765000153B}.Release|Any CPU.ActiveCfg = Release|Any CPU
		{69237B52-2F07-4431-BB95-8D765000153B}.Release|Any CPU.Build.0 = Release|Any CPU
		{DC07BDCB-693A-4488-A970-B7249853E375}.Debug|Any CPU.ActiveCfg = Debug|Any CPU
		{DC07BDCB-693A-4488-A970-B7249853E375}.Debug|Any CPU.Build.0 = Debug|Any CPU
		{DC07BDCB-693A-4488-A970-B7249853E375}.Release|Any CPU.ActiveCfg = Release|Any CPU
		{DC07BDCB-693A-4488-A970-B7249853E375}.Release|Any CPU.Build.0 = Release|Any CPU
		{1279F0D8-726C-4853-B869-3051EBBA8C2F}.Debug|Any CPU.ActiveCfg = Debug|Any CPU
		{1279F0D8-726C-4853-B869-3051EBBA8C2F}.Debug|Any CPU.Build.0 = Debug|Any CPU
		{1279F0D8-726C-4853-B869-3051EBBA8C2F}.Release|Any CPU.ActiveCfg = Release|Any CPU
		{1279F0D8-726C-4853-B869-3051EBBA8C2F}.Release|Any CPU.Build.0 = Release|Any CPU
		{BE89DCF7-787C-498C-AF13-491EADF5D86F}.Debug|Any CPU.ActiveCfg = Debug|Any CPU
		{BE89DCF7-787C-498C-AF13-491EADF5D86F}.Debug|Any CPU.Build.0 = Debug|Any CPU
		{BE89DCF7-787C-498C-AF13-491EADF5D86F}.Release|Any CPU.ActiveCfg = Release|Any CPU
		{BE89DCF7-787C-498C-AF13-491EADF5D86F}.Release|Any CPU.Build.0 = Release|Any CPU
		{F72D282D-DA9C-4993-AF97-FCFE80A32DBF}.Debug|Any CPU.ActiveCfg = Debug|Any CPU
		{F72D282D-DA9C-4993-AF97-FCFE80A32DBF}.Debug|Any CPU.Build.0 = Debug|Any CPU
		{F72D282D-DA9C-4993-AF97-FCFE80A32DBF}.Release|Any CPU.ActiveCfg = Release|Any CPU
		{F72D282D-DA9C-4993-AF97-FCFE80A32DBF}.Release|Any CPU.Build.0 = Release|Any CPU
		{6534B648-2E51-447D-AD1E-5E5CF3B37EC2}.Debug|Any CPU.ActiveCfg = Debug|Any CPU
		{6534B648-2E51-447D-AD1E-5E5CF3B37EC2}.Debug|Any CPU.Build.0 = Debug|Any CPU
		{6534B648-2E51-447D-AD1E-5E5CF3B37EC2}.Release|Any CPU.ActiveCfg = Release|Any CPU
		{6534B648-2E51-447D-AD1E-5E5CF3B37EC2}.Release|Any CPU.Build.0 = Release|Any CPU
		{76795CAD-EB6D-4C99-9E86-87D5CF871D94}.Debug|Any CPU.ActiveCfg = Debug|Any CPU
		{76795CAD-EB6D-4C99-9E86-87D5CF871D94}.Debug|Any CPU.Build.0 = Debug|Any CPU
		{76795CAD-EB6D-4C99-9E86-87D5CF871D94}.Release|Any CPU.ActiveCfg = Release|Any CPU
		{76795CAD-EB6D-4C99-9E86-87D5CF871D94}.Release|Any CPU.Build.0 = Release|Any CPU
		{B6758E80-7569-4824-A1BF-8B143F161F5E}.Debug|Any CPU.ActiveCfg = Debug|Any CPU
		{B6758E80-7569-4824-A1BF-8B143F161F5E}.Debug|Any CPU.Build.0 = Debug|Any CPU
		{B6758E80-7569-4824-A1BF-8B143F161F5E}.Release|Any CPU.ActiveCfg = Release|Any CPU
		{B6758E80-7569-4824-A1BF-8B143F161F5E}.Release|Any CPU.Build.0 = Release|Any CPU
		{06400BE8-1D20-46AB-895C-9E8B893CDAA8}.Debug|Any CPU.ActiveCfg = Debug|Any CPU
		{06400BE8-1D20-46AB-895C-9E8B893CDAA8}.Debug|Any CPU.Build.0 = Debug|Any CPU
		{06400BE8-1D20-46AB-895C-9E8B893CDAA8}.Release|Any CPU.ActiveCfg = Release|Any CPU
		{06400BE8-1D20-46AB-895C-9E8B893CDAA8}.Release|Any CPU.Build.0 = Release|Any CPU
	EndGlobalSection
	GlobalSection(NestedProjects) = preSolution
		{DC51AE1B-BC98-41FE-A4D2-D8BC0CB0A209} = {525A8442-CE08-4EFD-8EDA-999A2AB57755}
		{8A23895A-4906-4B88-B627-6875875D95A0} = {525A8442-CE08-4EFD-8EDA-999A2AB57755}
		{181BCC40-47DC-4C04-8487-AA1C5362CE37} = {525A8442-CE08-4EFD-8EDA-999A2AB57755}
		{ED2D6DF2-10EA-492D-89F1-9673B3C0CCCD} = {181BCC40-47DC-4C04-8487-AA1C5362CE37}
		{83D29CAF-5661-4586-8286-DD78D6005A0F} = {181BCC40-47DC-4C04-8487-AA1C5362CE37}
		{A03CE8E6-DD2F-453A-A047-E6082F47FB6F} = {DC51AE1B-BC98-41FE-A4D2-D8BC0CB0A209}
		{3A269146-C729-4CB4-93B6-527C55424F51} = {8A23895A-4906-4B88-B627-6875875D95A0}
		{69237B52-2F07-4431-BB95-8D765000153B} = {3A269146-C729-4CB4-93B6-527C55424F51}
		{DC07BDCB-693A-4488-A970-B7249853E375} = {3A269146-C729-4CB4-93B6-527C55424F51}
		{1279F0D8-726C-4853-B869-3051EBBA8C2F} = {3A269146-C729-4CB4-93B6-527C55424F51}
		{BE89DCF7-787C-498C-AF13-491EADF5D86F} = {3A269146-C729-4CB4-93B6-527C55424F51}
		{4C95FCBF-E9EF-4D75-A3E7-84B89FBAC506} = {8A23895A-4906-4B88-B627-6875875D95A0}
		{F72D282D-DA9C-4993-AF97-FCFE80A32DBF} = {4C95FCBF-E9EF-4D75-A3E7-84B89FBAC506}
		{6534B648-2E51-447D-AD1E-5E5CF3B37EC2} = {4C95FCBF-E9EF-4D75-A3E7-84B89FBAC506}
		{76795CAD-EB6D-4C99-9E86-87D5CF871D94} = {4C95FCBF-E9EF-4D75-A3E7-84B89FBAC506}
		{B6758E80-7569-4824-A1BF-8B143F161F5E} = {4C95FCBF-E9EF-4D75-A3E7-84B89FBAC506}
		{06400BE8-1D20-46AB-895C-9E8B893CDAA8} = {6C7A7C2B-6D42-4CA2-9C9A-C54BD7E4815A}
	EndGlobalSection
EndGlobal
